
Microsoft Visual Studio Solution File, Format Version 12.00
# Visual Studio 15
VisualStudioVersion = 15.0.28010.2026
MinimumVisualStudioVersion = 10.0.40219.1
Project("{FAE04EC0-301F-11D3-BF4B-00C04F79EFBC}") = "GiftsProject.Android", "GiftsProject\GiftsProject.Android\GiftsProject.Android.csproj", "{24CE3C36-16B9-426D-AA0C-5961ECF8D88C}"
EndProject
Project("{FAE04EC0-301F-11D3-BF4B-00C04F79EFBC}") = "GiftsProject.iOS", "GiftsProject\GiftsProject.iOS\GiftsProject.iOS.csproj", "{32316879-1A2B-4AB9-B228-ABCC3A675B09}"
EndProject
Project("{FAE04EC0-301F-11D3-BF4B-00C04F79EFBC}") = "GiftsProject", "GiftsProject\GiftsProject\GiftsProject.csproj", "{9C48561E-1D99-44F5-8582-8D37039FDEFF}"
EndProject
Global
	GlobalSection(SolutionConfigurationPlatforms) = preSolution
		Debug|Any CPU = Debug|Any CPU
		Debug|iPhone = Debug|iPhone
		Debug|iPhoneSimulator = Debug|iPhoneSimulator
		Release|Any CPU = Release|Any CPU
		Release|iPhone = Release|iPhone
		Release|iPhoneSimulator = Release|iPhoneSimulator
	EndGlobalSection
	GlobalSection(ProjectConfigurationPlatforms) = postSolution
		{24CE3C36-16B9-426D-AA0C-5961ECF8D88C}.Debug|Any CPU.ActiveCfg = Debug|Any CPU
		{24CE3C36-16B9-426D-AA0C-5961ECF8D88C}.Debug|Any CPU.Build.0 = Debug|Any CPU
		{24CE3C36-16B9-426D-AA0C-5961ECF8D88C}.Debug|Any CPU.Deploy.0 = Debug|Any CPU
		{24CE3C36-16B9-426D-AA0C-5961ECF8D88C}.Debug|iPhone.ActiveCfg = Debug|Any CPU
		{24CE3C36-16B9-426D-AA0C-5961ECF8D88C}.Debug|iPhone.Build.0 = Debug|Any CPU
		{24CE3C36-16B9-426D-AA0C-5961ECF8D88C}.Debug|iPhone.Deploy.0 = Debug|Any CPU
		{24CE3C36-16B9-426D-AA0C-5961ECF8D88C}.Debug|iPhoneSimulator.ActiveCfg = Debug|Any CPU
		{24CE3C36-16B9-426D-AA0C-5961ECF8D88C}.Debug|iPhoneSimulator.Build.0 = Debug|Any CPU
		{24CE3C36-16B9-426D-AA0C-5961ECF8D88C}.Debug|iPhoneSimulator.Deploy.0 = Debug|Any CPU
		{24CE3C36-16B9-426D-AA0C-5961ECF8D88C}.Release|Any CPU.ActiveCfg = Release|Any CPU
		{24CE3C36-16B9-426D-AA0C-5961ECF8D88C}.Release|Any CPU.Build.0 = Release|Any CPU
		{24CE3C36-16B9-426D-AA0C-5961ECF8D88C}.Release|Any CPU.Deploy.0 = Release|Any CPU
		{24CE3C36-16B9-426D-AA0C-5961ECF8D88C}.Release|iPhone.ActiveCfg = Release|Any CPU
		{24CE3C36-16B9-426D-AA0C-5961ECF8D88C}.Release|iPhone.Build.0 = Release|Any CPU
		{24CE3C36-16B9-426D-AA0C-5961ECF8D88C}.Release|iPhone.Deploy.0 = Release|Any CPU
		{24CE3C36-16B9-426D-AA0C-5961ECF8D88C}.Release|iPhoneSimulator.ActiveCfg = Release|Any CPU
		{24CE3C36-16B9-426D-AA0C-5961ECF8D88C}.Release|iPhoneSimulator.Build.0 = Release|Any CPU
		{24CE3C36-16B9-426D-AA0C-5961ECF8D88C}.Release|iPhoneSimulator.Deploy.0 = Release|Any CPU
		{32316879-1A2B-4AB9-B228-ABCC3A675B09}.Debug|Any CPU.ActiveCfg = Debug|iPhoneSimulator
		{32316879-1A2B-4AB9-B228-ABCC3A675B09}.Debug|Any CPU.Build.0 = Debug|iPhoneSimulator
		{32316879-1A2B-4AB9-B228-ABCC3A675B09}.Debug|Any CPU.Deploy.0 = Debug|iPhoneSimulator
		{32316879-1A2B-4AB9-B228-ABCC3A675B09}.Debug|iPhone.ActiveCfg = Debug|iPhone
		{32316879-1A2B-4AB9-B228-ABCC3A675B09}.Debug|iPhone.Build.0 = Debug|iPhone
		{32316879-1A2B-4AB9-B228-ABCC3A675B09}.Debug|iPhone.Deploy.0 = Debug|iPhone
		{32316879-1A2B-4AB9-B228-ABCC3A675B09}.Debug|iPhoneSimulator.ActiveCfg = Debug|iPhoneSimulator
		{32316879-1A2B-4AB9-B228-ABCC3A675B09}.Debug|iPhoneSimulator.Build.0 = Debug|iPhoneSimulator
		{32316879-1A2B-4AB9-B228-ABCC3A675B09}.Debug|iPhoneSimulator.Deploy.0 = Debug|iPhoneSimulator
		{32316879-1A2B-4AB9-B228-ABCC3A675B09}.Release|Any CPU.ActiveCfg = Release|iPhone
		{32316879-1A2B-4AB9-B228-ABCC3A675B09}.Release|Any CPU.Build.0 = Release|iPhone
		{32316879-1A2B-4AB9-B228-ABCC3A675B09}.Release|Any CPU.Deploy.0 = Release|iPhone
		{32316879-1A2B-4AB9-B228-ABCC3A675B09}.Release|iPhone.ActiveCfg = Release|iPhone
		{32316879-1A2B-4AB9-B228-ABCC3A675B09}.Release|iPhone.Build.0 = Release|iPhone
		{32316879-1A2B-4AB9-B228-ABCC3A675B09}.Release|iPhone.Deploy.0 = Release|iPhone
		{32316879-1A2B-4AB9-B228-ABCC3A675B09}.Release|iPhoneSimulator.ActiveCfg = Release|iPhoneSimulator
		{32316879-1A2B-4AB9-B228-ABCC3A675B09}.Release|iPhoneSimulator.Build.0 = Release|iPhoneSimulator
		{32316879-1A2B-4AB9-B228-ABCC3A675B09}.Release|iPhoneSimulator.Deploy.0 = Release|iPhoneSimulator
		{9C48561E-1D99-44F5-8582-8D37039FDEFF}.Debug|Any CPU.ActiveCfg = Debug|Any CPU
		{9C48561E-1D99-44F5-8582-8D37039FDEFF}.Debug|Any CPU.Build.0 = Debug|Any CPU
		{9C48561E-1D99-44F5-8582-8D37039FDEFF}.Debug|Any CPU.Deploy.0 = Debug|Any CPU
		{9C48561E-1D99-44F5-8582-8D37039FDEFF}.Debug|iPhone.ActiveCfg = Debug|Any CPU
		{9C48561E-1D99-44F5-8582-8D37039FDEFF}.Debug|iPhone.Build.0 = Debug|Any CPU
		{9C48561E-1D99-44F5-8582-8D37039FDEFF}.Debug|iPhone.Deploy.0 = Debug|Any CPU
		{9C48561E-1D99-44F5-8582-8D37039FDEFF}.Debug|iPhoneSimulator.ActiveCfg = Debug|Any CPU
		{9C48561E-1D99-44F5-8582-8D37039FDEFF}.Debug|iPhoneSimulator.Build.0 = Debug|Any CPU
		{9C48561E-1D99-44F5-8582-8D37039FDEFF}.Debug|iPhoneSimulator.Deploy.0 = Debug|Any CPU
		{9C48561E-1D99-44F5-8582-8D37039FDEFF}.Release|Any CPU.ActiveCfg = Release|Any CPU
		{9C48561E-1D99-44F5-8582-8D37039FDEFF}.Release|Any CPU.Build.0 = Release|Any CPU
		{9C48561E-1D99-44F5-8582-8D37039FDEFF}.Release|Any CPU.Deploy.0 = Release|Any CPU
		{9C48561E-1D99-44F5-8582-8D37039FDEFF}.Release|iPhone.ActiveCfg = Release|Any CPU
		{9C48561E-1D99-44F5-8582-8D37039FDEFF}.Release|iPhone.Build.0 = Release|Any CPU
		{9C48561E-1D99-44F5-8582-8D37039FDEFF}.Release|iPhone.Deploy.0 = Release|Any CPU
		{9C48561E-1D99-44F5-8582-8D37039FDEFF}.Release|iPhoneSimulator.ActiveCfg = Release|Any CPU
		{9C48561E-1D99-44F5-8582-8D37039FDEFF}.Release|iPhoneSimulator.Build.0 = Release|Any CPU
		{9C48561E-1D99-44F5-8582-8D37039FDEFF}.Release|iPhoneSimulator.Deploy.0 = Release|Any CPU
	EndGlobalSection
	GlobalSection(SolutionProperties) = preSolution
		HideSolutionNode = FALSE
	EndGlobalSection
	GlobalSection(ExtensibilityGlobals) = postSolution
		SolutionGuid = {5FA6E71A-47DC-4289-836C-6B56EDB5BCB3}
	EndGlobalSection
EndGlobal
