
Microsoft Visual Studio Solution File, Format Version 12.00
# Visual Studio 15
VisualStudioVersion = 15.0.28010.2003
MinimumVisualStudioVersion = 10.0.40219.1
Project("{FAE04EC0-301F-11D3-BF4B-00C04F79EFBC}") = "GiftApp.Android", "GiftApp\GiftApp.Android\GiftApp.Android.csproj", "{E2AEC78A-D9EC-489C-A12A-46D4B8ED8B78}"
EndProject
Project("{FAE04EC0-301F-11D3-BF4B-00C04F79EFBC}") = "GiftApp.iOS", "GiftApp\GiftApp.iOS\GiftApp.iOS.csproj", "{F1BB44CF-1FCD-4373-84F1-17AF2D64B125}"
EndProject
Project("{FAE04EC0-301F-11D3-BF4B-00C04F79EFBC}") = "GiftApp", "GiftApp\GiftApp\GiftApp.csproj", "{3C6C91EB-5D6A-44EA-AF36-60C29EAB302D}"
EndProject
Global
	GlobalSection(SolutionConfigurationPlatforms) = preSolution
		Ad-Hoc|Any CPU = Ad-Hoc|Any CPU
		Ad-Hoc|iPhone = Ad-Hoc|iPhone
		Ad-Hoc|iPhoneSimulator = Ad-Hoc|iPhoneSimulator
		AppStore|Any CPU = AppStore|Any CPU
		AppStore|iPhone = AppStore|iPhone
		AppStore|iPhoneSimulator = AppStore|iPhoneSimulator
		Debug|Any CPU = Debug|Any CPU
		Debug|iPhone = Debug|iPhone
		Debug|iPhoneSimulator = Debug|iPhoneSimulator
		Release|Any CPU = Release|Any CPU
		Release|iPhone = Release|iPhone
		Release|iPhoneSimulator = Release|iPhoneSimulator
	EndGlobalSection
	GlobalSection(ProjectConfigurationPlatforms) = postSolution
		{E2AEC78A-D9EC-489C-A12A-46D4B8ED8B78}.Ad-Hoc|Any CPU.ActiveCfg = Release|Any CPU
		{E2AEC78A-D9EC-489C-A12A-46D4B8ED8B78}.Ad-Hoc|Any CPU.Build.0 = Release|Any CPU
		{E2AEC78A-D9EC-489C-A12A-46D4B8ED8B78}.Ad-Hoc|Any CPU.Deploy.0 = Release|Any CPU
		{E2AEC78A-D9EC-489C-A12A-46D4B8ED8B78}.Ad-Hoc|iPhone.ActiveCfg = Release|Any CPU
		{E2AEC78A-D9EC-489C-A12A-46D4B8ED8B78}.Ad-Hoc|iPhone.Build.0 = Release|Any CPU
		{E2AEC78A-D9EC-489C-A12A-46D4B8ED8B78}.Ad-Hoc|iPhone.Deploy.0 = Release|Any CPU
		{E2AEC78A-D9EC-489C-A12A-46D4B8ED8B78}.Ad-Hoc|iPhoneSimulator.ActiveCfg = Release|Any CPU
		{E2AEC78A-D9EC-489C-A12A-46D4B8ED8B78}.Ad-Hoc|iPhoneSimulator.Build.0 = Release|Any CPU
		{E2AEC78A-D9EC-489C-A12A-46D4B8ED8B78}.Ad-Hoc|iPhoneSimulator.Deploy.0 = Release|Any CPU
		{E2AEC78A-D9EC-489C-A12A-46D4B8ED8B78}.AppStore|Any CPU.ActiveCfg = Release|Any CPU
		{E2AEC78A-D9EC-489C-A12A-46D4B8ED8B78}.AppStore|Any CPU.Build.0 = Release|Any CPU
		{E2AEC78A-D9EC-489C-A12A-46D4B8ED8B78}.AppStore|Any CPU.Deploy.0 = Release|Any CPU
		{E2AEC78A-D9EC-489C-A12A-46D4B8ED8B78}.AppStore|iPhone.ActiveCfg = Release|Any CPU
		{E2AEC78A-D9EC-489C-A12A-46D4B8ED8B78}.AppStore|iPhone.Build.0 = Release|Any CPU
		{E2AEC78A-D9EC-489C-A12A-46D4B8ED8B78}.AppStore|iPhone.Deploy.0 = Release|Any CPU
		{E2AEC78A-D9EC-489C-A12A-46D4B8ED8B78}.AppStore|iPhoneSimulator.ActiveCfg = Release|Any CPU
		{E2AEC78A-D9EC-489C-A12A-46D4B8ED8B78}.AppStore|iPhoneSimulator.Build.0 = Release|Any CPU
		{E2AEC78A-D9EC-489C-A12A-46D4B8ED8B78}.AppStore|iPhoneSimulator.Deploy.0 = Release|Any CPU
		{E2AEC78A-D9EC-489C-A12A-46D4B8ED8B78}.Debug|Any CPU.ActiveCfg = Debug|Any CPU
		{E2AEC78A-D9EC-489C-A12A-46D4B8ED8B78}.Debug|Any CPU.Build.0 = Debug|Any CPU
		{E2AEC78A-D9EC-489C-A12A-46D4B8ED8B78}.Debug|Any CPU.Deploy.0 = Debug|Any CPU
		{E2AEC78A-D9EC-489C-A12A-46D4B8ED8B78}.Debug|iPhone.ActiveCfg = Debug|Any CPU
		{E2AEC78A-D9EC-489C-A12A-46D4B8ED8B78}.Debug|iPhone.Build.0 = Debug|Any CPU
		{E2AEC78A-D9EC-489C-A12A-46D4B8ED8B78}.Debug|iPhone.Deploy.0 = Debug|Any CPU
		{E2AEC78A-D9EC-489C-A12A-46D4B8ED8B78}.Debug|iPhoneSimulator.ActiveCfg = Debug|Any CPU
		{E2AEC78A-D9EC-489C-A12A-46D4B8ED8B78}.Debug|iPhoneSimulator.Build.0 = Debug|Any CPU
		{E2AEC78A-D9EC-489C-A12A-46D4B8ED8B78}.Debug|iPhoneSimulator.Deploy.0 = Debug|Any CPU
		{E2AEC78A-D9EC-489C-A12A-46D4B8ED8B78}.Release|Any CPU.ActiveCfg = Release|Any CPU
		{E2AEC78A-D9EC-489C-A12A-46D4B8ED8B78}.Release|Any CPU.Build.0 = Release|Any CPU
		{E2AEC78A-D9EC-489C-A12A-46D4B8ED8B78}.Release|Any CPU.Deploy.0 = Release|Any CPU
		{E2AEC78A-D9EC-489C-A12A-46D4B8ED8B78}.Release|iPhone.ActiveCfg = Release|Any CPU
		{E2AEC78A-D9EC-489C-A12A-46D4B8ED8B78}.Release|iPhone.Build.0 = Release|Any CPU
		{E2AEC78A-D9EC-489C-A12A-46D4B8ED8B78}.Release|iPhone.Deploy.0 = Release|Any CPU
		{E2AEC78A-D9EC-489C-A12A-46D4B8ED8B78}.Release|iPhoneSimulator.ActiveCfg = Release|Any CPU
		{E2AEC78A-D9EC-489C-A12A-46D4B8ED8B78}.Release|iPhoneSimulator.Build.0 = Release|Any CPU
		{E2AEC78A-D9EC-489C-A12A-46D4B8ED8B78}.Release|iPhoneSimulator.Deploy.0 = Release|Any CPU
		{F1BB44CF-1FCD-4373-84F1-17AF2D64B125}.Ad-Hoc|Any CPU.ActiveCfg = Ad-Hoc|iPhone
		{F1BB44CF-1FCD-4373-84F1-17AF2D64B125}.Ad-Hoc|Any CPU.Build.0 = Ad-Hoc|iPhone
		{F1BB44CF-1FCD-4373-84F1-17AF2D64B125}.Ad-Hoc|Any CPU.Deploy.0 = Ad-Hoc|iPhone
		{F1BB44CF-1FCD-4373-84F1-17AF2D64B125}.Ad-Hoc|iPhone.ActiveCfg = Ad-Hoc|iPhone
		{F1BB44CF-1FCD-4373-84F1-17AF2D64B125}.Ad-Hoc|iPhone.Build.0 = Ad-Hoc|iPhone
		{F1BB44CF-1FCD-4373-84F1-17AF2D64B125}.Ad-Hoc|iPhone.Deploy.0 = Ad-Hoc|iPhone
		{F1BB44CF-1FCD-4373-84F1-17AF2D64B125}.Ad-Hoc|iPhoneSimulator.ActiveCfg = Ad-Hoc|iPhoneSimulator
		{F1BB44CF-1FCD-4373-84F1-17AF2D64B125}.Ad-Hoc|iPhoneSimulator.Build.0 = Ad-Hoc|iPhoneSimulator
		{F1BB44CF-1FCD-4373-84F1-17AF2D64B125}.Ad-Hoc|iPhoneSimulator.Deploy.0 = Ad-Hoc|iPhoneSimulator
		{F1BB44CF-1FCD-4373-84F1-17AF2D64B125}.AppStore|Any CPU.ActiveCfg = AppStore|iPhone
		{F1BB44CF-1FCD-4373-84F1-17AF2D64B125}.AppStore|Any CPU.Build.0 = AppStore|iPhone
		{F1BB44CF-1FCD-4373-84F1-17AF2D64B125}.AppStore|Any CPU.Deploy.0 = AppStore|iPhone
		{F1BB44CF-1FCD-4373-84F1-17AF2D64B125}.AppStore|iPhone.ActiveCfg = AppStore|iPhone
		{F1BB44CF-1FCD-4373-84F1-17AF2D64B125}.AppStore|iPhone.Build.0 = AppStore|iPhone
		{F1BB44CF-1FCD-4373-84F1-17AF2D64B125}.AppStore|iPhone.Deploy.0 = AppStore|iPhone
		{F1BB44CF-1FCD-4373-84F1-17AF2D64B125}.AppStore|iPhoneSimulator.ActiveCfg = AppStore|iPhoneSimulator
		{F1BB44CF-1FCD-4373-84F1-17AF2D64B125}.AppStore|iPhoneSimulator.Build.0 = AppStore|iPhoneSimulator
		{F1BB44CF-1FCD-4373-84F1-17AF2D64B125}.AppStore|iPhoneSimulator.Deploy.0 = AppStore|iPhoneSimulator
		{F1BB44CF-1FCD-4373-84F1-17AF2D64B125}.Debug|Any CPU.ActiveCfg = Debug|iPhoneSimulator
		{F1BB44CF-1FCD-4373-84F1-17AF2D64B125}.Debug|Any CPU.Build.0 = Debug|iPhoneSimulator
		{F1BB44CF-1FCD-4373-84F1-17AF2D64B125}.Debug|Any CPU.Deploy.0 = Debug|iPhoneSimulator
		{F1BB44CF-1FCD-4373-84F1-17AF2D64B125}.Debug|iPhone.ActiveCfg = Debug|iPhone
		{F1BB44CF-1FCD-4373-84F1-17AF2D64B125}.Debug|iPhone.Build.0 = Debug|iPhone
		{F1BB44CF-1FCD-4373-84F1-17AF2D64B125}.Debug|iPhone.Deploy.0 = Debug|iPhone
		{F1BB44CF-1FCD-4373-84F1-17AF2D64B125}.Debug|iPhoneSimulator.ActiveCfg = Debug|iPhoneSimulator
		{F1BB44CF-1FCD-4373-84F1-17AF2D64B125}.Debug|iPhoneSimulator.Build.0 = Debug|iPhoneSimulator
		{F1BB44CF-1FCD-4373-84F1-17AF2D64B125}.Debug|iPhoneSimulator.Deploy.0 = Debug|iPhoneSimulator
		{F1BB44CF-1FCD-4373-84F1-17AF2D64B125}.Release|Any CPU.ActiveCfg = Release|iPhone
		{F1BB44CF-1FCD-4373-84F1-17AF2D64B125}.Release|Any CPU.Build.0 = Release|iPhone
		{F1BB44CF-1FCD-4373-84F1-17AF2D64B125}.Release|Any CPU.Deploy.0 = Release|iPhone
		{F1BB44CF-1FCD-4373-84F1-17AF2D64B125}.Release|iPhone.ActiveCfg = Release|iPhone
		{F1BB44CF-1FCD-4373-84F1-17AF2D64B125}.Release|iPhone.Build.0 = Release|iPhone
		{F1BB44CF-1FCD-4373-84F1-17AF2D64B125}.Release|iPhone.Deploy.0 = Release|iPhone
		{F1BB44CF-1FCD-4373-84F1-17AF2D64B125}.Release|iPhoneSimulator.ActiveCfg = Release|iPhoneSimulator
		{F1BB44CF-1FCD-4373-84F1-17AF2D64B125}.Release|iPhoneSimulator.Build.0 = Release|iPhoneSimulator
		{F1BB44CF-1FCD-4373-84F1-17AF2D64B125}.Release|iPhoneSimulator.Deploy.0 = Release|iPhoneSimulator
		{3C6C91EB-5D6A-44EA-AF36-60C29EAB302D}.Ad-Hoc|Any CPU.ActiveCfg = Debug|Any CPU
		{3C6C91EB-5D6A-44EA-AF36-60C29EAB302D}.Ad-Hoc|Any CPU.Build.0 = Debug|Any CPU
		{3C6C91EB-5D6A-44EA-AF36-60C29EAB302D}.Ad-Hoc|Any CPU.Deploy.0 = Debug|Any CPU
		{3C6C91EB-5D6A-44EA-AF36-60C29EAB302D}.Ad-Hoc|iPhone.ActiveCfg = Debug|Any CPU
		{3C6C91EB-5D6A-44EA-AF36-60C29EAB302D}.Ad-Hoc|iPhone.Build.0 = Debug|Any CPU
		{3C6C91EB-5D6A-44EA-AF36-60C29EAB302D}.Ad-Hoc|iPhone.Deploy.0 = Debug|Any CPU
		{3C6C91EB-5D6A-44EA-AF36-60C29EAB302D}.Ad-Hoc|iPhoneSimulator.ActiveCfg = Debug|Any CPU
		{3C6C91EB-5D6A-44EA-AF36-60C29EAB302D}.Ad-Hoc|iPhoneSimulator.Build.0 = Debug|Any CPU
		{3C6C91EB-5D6A-44EA-AF36-60C29EAB302D}.Ad-Hoc|iPhoneSimulator.Deploy.0 = Debug|Any CPU
		{3C6C91EB-5D6A-44EA-AF36-60C29EAB302D}.AppStore|Any CPU.ActiveCfg = Debug|Any CPU
		{3C6C91EB-5D6A-44EA-AF36-60C29EAB302D}.AppStore|Any CPU.Build.0 = Debug|Any CPU
		{3C6C91EB-5D6A-44EA-AF36-60C29EAB302D}.AppStore|Any CPU.Deploy.0 = Debug|Any CPU
		{3C6C91EB-5D6A-44EA-AF36-60C29EAB302D}.AppStore|iPhone.ActiveCfg = Debug|Any CPU
		{3C6C91EB-5D6A-44EA-AF36-60C29EAB302D}.AppStore|iPhone.Build.0 = Debug|Any CPU
		{3C6C91EB-5D6A-44EA-AF36-60C29EAB302D}.AppStore|iPhone.Deploy.0 = Debug|Any CPU
		{3C6C91EB-5D6A-44EA-AF36-60C29EAB302D}.AppStore|iPhoneSimulator.ActiveCfg = Debug|Any CPU
		{3C6C91EB-5D6A-44EA-AF36-60C29EAB302D}.AppStore|iPhoneSimulator.Build.0 = Debug|Any CPU
		{3C6C91EB-5D6A-44EA-AF36-60C29EAB302D}.AppStore|iPhoneSimulator.Deploy.0 = Debug|Any CPU
		{3C6C91EB-5D6A-44EA-AF36-60C29EAB302D}.Debug|Any CPU.ActiveCfg = Debug|Any CPU
		{3C6C91EB-5D6A-44EA-AF36-60C29EAB302D}.Debug|Any CPU.Build.0 = Debug|Any CPU
		{3C6C91EB-5D6A-44EA-AF36-60C29EAB302D}.Debug|Any CPU.Deploy.0 = Debug|Any CPU
		{3C6C91EB-5D6A-44EA-AF36-60C29EAB302D}.Debug|iPhone.ActiveCfg = Debug|Any CPU
		{3C6C91EB-5D6A-44EA-AF36-60C29EAB302D}.Debug|iPhone.Build.0 = Debug|Any CPU
		{3C6C91EB-5D6A-44EA-AF36-60C29EAB302D}.Debug|iPhone.Deploy.0 = Debug|Any CPU
		{3C6C91EB-5D6A-44EA-AF36-60C29EAB302D}.Debug|iPhoneSimulator.ActiveCfg = Debug|Any CPU
		{3C6C91EB-5D6A-44EA-AF36-60C29EAB302D}.Debug|iPhoneSimulator.Build.0 = Debug|Any CPU
		{3C6C91EB-5D6A-44EA-AF36-60C29EAB302D}.Debug|iPhoneSimulator.Deploy.0 = Debug|Any CPU
		{3C6C91EB-5D6A-44EA-AF36-60C29EAB302D}.Release|Any CPU.ActiveCfg = Release|Any CPU
		{3C6C91EB-5D6A-44EA-AF36-60C29EAB302D}.Release|Any CPU.Build.0 = Release|Any CPU
		{3C6C91EB-5D6A-44EA-AF36-60C29EAB302D}.Release|Any CPU.Deploy.0 = Release|Any CPU
		{3C6C91EB-5D6A-44EA-AF36-60C29EAB302D}.Release|iPhone.ActiveCfg = Release|Any CPU
		{3C6C91EB-5D6A-44EA-AF36-60C29EAB302D}.Release|iPhone.Build.0 = Release|Any CPU
		{3C6C91EB-5D6A-44EA-AF36-60C29EAB302D}.Release|iPhone.Deploy.0 = Release|Any CPU
		{3C6C91EB-5D6A-44EA-AF36-60C29EAB302D}.Release|iPhoneSimulator.ActiveCfg = Release|Any CPU
		{3C6C91EB-5D6A-44EA-AF36-60C29EAB302D}.Release|iPhoneSimulator.Build.0 = Release|Any CPU
		{3C6C91EB-5D6A-44EA-AF36-60C29EAB302D}.Release|iPhoneSimulator.Deploy.0 = Release|Any CPU
	EndGlobalSection
	GlobalSection(SolutionProperties) = preSolution
		HideSolutionNode = FALSE
	EndGlobalSection
	GlobalSection(ExtensibilityGlobals) = postSolution
		SolutionGuid = {5936FA2A-BD3B-447A-88CC-14BB6A61F209}
	EndGlobalSection
EndGlobal
